
Microsoft Visual Studio Solution File, Format Version 12.00
# Visual Studio Version 17
VisualStudioVersion = 17.11.35312.102
MinimumVisualStudioVersion = 10.0.40219.1
Project("{9A19103F-16F7-4668-BE54-9A1E7A4F7556}") = "InterviewTestMid", "InterviewTestMid\InterviewTestMid.csproj", "{59D67BA4-C810-4F59-9C37-492B7057FD0C}"
EndProject
Project("{9A19103F-16F7-4668-BE54-9A1E7A4F7556}") = "InterviewTestMid.Tests", "InterviewTestMid.Tests\InterviewTestMid.Tests.csproj", "{EF2184E8-D127-4DA6-843C-60853CEFD6E9}"
EndProject
Global
	GlobalSection(SolutionConfigurationPlatforms) = preSolution
		Debug|Any CPU = Debug|Any CPU
		Release|Any CPU = Release|Any CPU
	EndGlobalSection
	GlobalSection(ProjectConfigurationPlatforms) = postSolution
		{59D67BA4-C810-4F59-9C37-492B7057FD0C}.Debug|Any CPU.ActiveCfg = Debug|Any CPU
		{59D67BA4-C810-4F59-9C37-492B7057FD0C}.Debug|Any CPU.Build.0 = Debug|Any CPU
		{59D67BA4-C810-4F59-9C37-492B7057FD0C}.Release|Any CPU.ActiveCfg = Release|Any CPU
		{59D67BA4-C810-4F59-9C37-492B7057FD0C}.Release|Any CPU.Build.0 = Release|Any CPU
		{EF2184E8-D127-4DA6-843C-60853CEFD6E9}.Debug|Any CPU.ActiveCfg = Debug|Any CPU
		{EF2184E8-D127-4DA6-843C-60853CEFD6E9}.Debug|Any CPU.Build.0 = Debug|Any CPU
		{EF2184E8-D127-4DA6-843C-60853CEFD6E9}.Release|Any CPU.ActiveCfg = Release|Any CPU
		{EF2184E8-D127-4DA6-843C-60853CEFD6E9}.Release|Any CPU.Build.0 = Release|Any CPU
	EndGlobalSection
	GlobalSection(SolutionProperties) = preSolution
		HideSolutionNode = FALSE
	EndGlobalSection
	GlobalSection(ExtensibilityGlobals) = postSolution
		SolutionGuid = {5108B31F-5A2B-44A3-9CDF-9B2C33BACF4D}
	EndGlobalSection
EndGlobal
